
Microsoft Visual Studio Solution File, Format Version 12.00
# Visual Studio Version 16
VisualStudioVersion = 16.0.29306.81
MinimumVisualStudioVersion = 10.0.40219.1
Project("{FAE04EC0-301F-11D3-BF4B-00C04F79EFBC}") = "assignmentone", "assignmentone.csproj", "{0BDF595E-B24F-423A-9823-2F804F6B7820}"
EndProject
Project("{FAE04EC0-301F-11D3-BF4B-00C04F79EFBC}") = "testscases", "..\testscases\testscases.csproj", "{F09CF021-D4B3-46CD-BCB0-0314B01D5A8C}"
EndProject
Global
	GlobalSection(SolutionConfigurationPlatforms) = preSolution
		Debug|Any CPU = Debug|Any CPU
		Release|Any CPU = Release|Any CPU
	EndGlobalSection
	GlobalSection(ProjectConfigurationPlatforms) = postSolution
		{0BDF595E-B24F-423A-9823-2F804F6B7820}.Debug|Any CPU.ActiveCfg = Debug|Any CPU
		{0BDF595E-B24F-423A-9823-2F804F6B7820}.Debug|Any CPU.Build.0 = Debug|Any CPU
		{0BDF595E-B24F-423A-9823-2F804F6B7820}.Release|Any CPU.ActiveCfg = Release|Any CPU
		{0BDF595E-B24F-423A-9823-2F804F6B7820}.Release|Any CPU.Build.0 = Release|Any CPU
		{F09CF021-D4B3-46CD-BCB0-0314B01D5A8C}.Debug|Any CPU.ActiveCfg = Debug|Any CPU
		{F09CF021-D4B3-46CD-BCB0-0314B01D5A8C}.Debug|Any CPU.Build.0 = Debug|Any CPU
		{F09CF021-D4B3-46CD-BCB0-0314B01D5A8C}.Release|Any CPU.ActiveCfg = Release|Any CPU
		{F09CF021-D4B3-46CD-BCB0-0314B01D5A8C}.Release|Any CPU.Build.0 = Release|Any CPU
	EndGlobalSection
	GlobalSection(SolutionProperties) = preSolution
		HideSolutionNode = FALSE
	EndGlobalSection
	GlobalSection(ExtensibilityGlobals) = postSolution
		SolutionGuid = {4DE94D3B-6FDD-4612-9F8D-848072758AA8}
	EndGlobalSection
EndGlobal
